{
  "version": "5",
  "specifiers": {
    "jsr:@std/assert@*": "1.0.14",
    "jsr:@std/assert@1": "1.0.14",
    "jsr:@std/assert@^1.0.13": "1.0.14",
    "jsr:@std/data-structures@^1.0.9": "1.0.9",
    "jsr:@std/fs@^1.0.19": "1.0.19",
    "jsr:@std/internal@^1.0.10": "1.0.10",
    "jsr:@std/internal@^1.0.9": "1.0.10",
    "jsr:@std/path@^1.1.1": "1.1.1",
    "jsr:@std/regexp@^1.0.1": "1.0.1",
    "jsr:@std/testing@^1.0.15": "1.0.15",
    "jsr:@std/text@^1.0.16": "1.0.16",
    "npm:@fugood/llama.node@*": "1.0.6",
    "npm:@fugood/llama.node@1.0.6": "1.0.6"
  },
  "jsr": {
    "@std/assert@1.0.14": {
      "integrity": "68d0d4a43b365abc927f45a9b85c639ea18a9fab96ad92281e493e4ed84abaa4",
      "dependencies": [
        "jsr:@std/internal@^1.0.10"
      ]
    },
    "@std/data-structures@1.0.9": {
      "integrity": "033d6e17e64bf1f84a614e647c1b015fa2576ae3312305821e1a4cb20674bb4d"
    },
    "@std/fs@1.0.19": {
      "integrity": "051968c2b1eae4d2ea9f79a08a3845740ef6af10356aff43d3e2ef11ed09fb06",
      "dependencies": [
        "jsr:@std/path"
      ]
    },
    "@std/internal@1.0.10": {
      "integrity": "e3be62ce42cab0e177c27698e5d9800122f67b766a0bea6ca4867886cbde8cf7"
    },
    "@std/path@1.1.1": {
      "integrity": "fe00026bd3a7e6a27f73709b83c607798be40e20c81dde655ce34052fd82ec76",
      "dependencies": [
        "jsr:@std/internal@^1.0.9"
      ]
    },
    "@std/regexp@1.0.1": {
      "integrity": "5179d823465085c5480dafb44438466e83c424fadc61ba31f744050ecc0f596d"
    },
    "@std/testing@1.0.15": {
      "integrity": "a490169f5ccb0f3ae9c94fbc69d2cd43603f2cffb41713a85f99bbb0e3087cbc",
      "dependencies": [
        "jsr:@std/assert@^1.0.13",
        "jsr:@std/data-structures",
        "jsr:@std/fs",
        "jsr:@std/internal@^1.0.10",
        "jsr:@std/path"
      ]
    },
    "@std/text@1.0.16": {
      "integrity": "ddb9853b75119a2473857d691cf1ec02ad90793a2e8b4a4ac49d7354281a0cf8",
      "dependencies": [
        "jsr:@std/regexp"
      ]
    }
  },
  "npm": {
    "@fugood/llama.node@1.0.6": {
      "integrity": "sha512-pVGpsi8wETGqZOlmPso7xP5qsV4ht33XTOZe5CljkFmieZKz7Q+pUrM7uO95DShMiNMZ4cPLs4sFWz+fCiQ2cw==",
      "optionalDependencies": [
        "@fugood/node-llama-darwin-arm64",
        "@fugood/node-llama-darwin-x64",
        "@fugood/node-llama-linux-arm64",
        "@fugood/node-llama-linux-arm64-cuda",
        "@fugood/node-llama-linux-arm64-vulkan",
        "@fugood/node-llama-linux-x64",
        "@fugood/node-llama-linux-x64-cuda",
        "@fugood/node-llama-linux-x64-vulkan",
        "@fugood/node-llama-win32-arm64",
        "@fugood/node-llama-win32-arm64-vulkan",
        "@fugood/node-llama-win32-x64",
        "@fugood/node-llama-win32-x64-cuda",
        "@fugood/node-llama-win32-x64-vulkan"
      ],
      "scripts": true
    },
    "@fugood/node-llama-darwin-arm64@1.0.6": {
      "integrity": "sha512-FD1WihwsRy3X/WooRBV/hpIJVIxH63Z3anGhw+HPWSm64pCrRCnUmdVUnjmltfAno5IWnA6QZ2Zfzv02+0F+Lg==",
      "os": ["darwin"],
      "cpu": ["arm64"]
    },
    "@fugood/node-llama-darwin-x64@1.0.6": {
      "integrity": "sha512-93xDkdLPeU/f17GZ8/UYlbXKywKlGwY/+WZprry4hLDpPe+P2tRqH3siSK5VIRUSwwmBEA+vEcppxVCwlRD+aA==",
      "os": ["darwin"],
      "cpu": ["x64"]
    },
    "@fugood/node-llama-linux-arm64-cuda@1.0.6": {
      "integrity": "sha512-tNQm3kiMPxAz1+0gy+rJKpQ4QC0e5ulHugA37Oaga0WHjIBWEMSdTgAHjw3UPLTLxKoOqGxAxnasoPtPnCllTQ==",
      "os": ["linux"],
      "cpu": ["arm64"]
    },
    "@fugood/node-llama-linux-arm64-vulkan@1.0.6": {
      "integrity": "sha512-BO8UKlarle7JQKRXzloBMIX+F39e99xcMmHS0lgUEHDWMe9xpHbS3ZpC3AbWwOw8+DFkUV7ZEnsiQt6hC18nJQ==",
      "os": ["linux"],
      "cpu": ["arm64"]
    },
    "@fugood/node-llama-linux-arm64@1.0.6": {
      "integrity": "sha512-3tYde8tlZxmqhyu4pSzR57xzhIxzrwJHlv+QB5B+9BFk1s4FEDvBrzHnnuwb9VX4L6ZJ4TxVGr9a6ZeyGRG8og==",
      "os": ["linux"],
      "cpu": ["arm64"]
    },
    "@fugood/node-llama-linux-x64-cuda@1.0.6": {
      "integrity": "sha512-c/rKDBU9/BU2y+IcCnUSFKrz1euIuv/tuCoaXro0+RcMsausbC3aiJuZPdMB5+hwaK8FgUb+LEHQ5D5GPmUvMw==",
      "os": ["linux"],
      "cpu": ["x64"]
    },
    "@fugood/node-llama-linux-x64-vulkan@1.0.6": {
      "integrity": "sha512-1LRRAlMuYEtL2eWvU2jO9/FOsmsAlwqCJ+BuWC/1hp/aqqg+YaDtIaJN/x5SuvYots5HGQYgVTZTKxVlc0TUXQ==",
      "os": ["linux"],
      "cpu": ["x64"]
    },
    "@fugood/node-llama-linux-x64@1.0.6": {
      "integrity": "sha512-lBh8uCve2pjwuDyZ9ABnQAzk5tu013ggwtcJ1QB5KdxM8bxohSoGY3qTrk251zsNxahAoIYhEA/v2R1RKjtRVA==",
      "os": ["linux"],
      "cpu": ["x64"]
    },
    "@fugood/node-llama-win32-arm64-vulkan@1.0.6": {
      "integrity": "sha512-AxHkhB/Bgv4sHbr6wmVeg7lIfmuT3y5l1tA7wHP5BkKmWnua5cuEBIBjFIestSWRVfbXh66Si62attqUMf2WBQ==",
      "os": ["win32"],
      "cpu": ["arm64"]
    },
    "@fugood/node-llama-win32-arm64@1.0.6": {
      "integrity": "sha512-nOO95FYGyk6gYnmGbj8sKnGxbfrRE7w2bNX3fQr5wpc+WpsYVBqFyeRG1y3pHcb3QdPeNQAIhlFrkcIPWNQkpg==",
      "os": ["win32"],
      "cpu": ["arm64"]
    },
    "@fugood/node-llama-win32-x64-cuda@1.0.6": {
      "integrity": "sha512-E/ong8y7qB7bupMkwFfXCj0CecGQMZXG8LHlHwCmO/1Vix/Li90T6iumBQF1IKmHCF73Yp37cwsev0bAOsNaZQ==",
      "os": ["win32"],
      "cpu": ["x64"]
    },
    "@fugood/node-llama-win32-x64-vulkan@1.0.6": {
      "integrity": "sha512-nx20BUZooo0evMWBaVWbxiNxJ5zq8JjLQx+4zl28UrhgmV7DaMtaK5jZLSF8TcKCUQNVkdTV+JVHCL6N4aRCMg==",
      "os": ["win32"],
      "cpu": ["x64"]
    },
    "@fugood/node-llama-win32-x64@1.0.6": {
      "integrity": "sha512-mNRaVj4MqXHS1hEjcD+9ABpFPgAkVwKy543xbDB+bC4h0MCLDTbJd8cIm91Me9ZwgIZyYZHnFkeMjLGkh0x/mg==",
      "os": ["win32"],
      "cpu": ["x64"]
    }
  },
  "workspace": {
    "dependencies": [
      "jsr:@std/assert@1",
      "jsr:@std/testing@^1.0.15",
      "jsr:@std/text@^1.0.16",
      "npm:@fugood/llama.node@1.0.6"
    ]
  }
}
